
Microsoft Visual Studio Solution File, Format Version 12.00
# Visual Studio Version 17
VisualStudioVersion = 17.8.34511.84
MinimumVisualStudioVersion = 10.0.40219.1
Project("{FAE04EC0-301F-11D3-BF4B-00C04F79EFBC}") = "EX.Core.Domain", "EX.Core.Domain\EX.Core.Domain.csproj", "{9180AD54-CAD2-434B-AB73-52A2F458D0DD}"
EndProject
Project("{FAE04EC0-301F-11D3-BF4B-00C04F79EFBC}") = "EX.Core.Services", "EX.Core.Services\EX.Core.Services.csproj", "{427E648F-7F5F-43C0-88C1-30FB041B8C25}"
EndProject
Project("{FAE04EC0-301F-11D3-BF4B-00C04F79EFBC}") = "EX.Core.Interfaces", "EX.Core.Interfaces\EX.Core.Interfaces.csproj", "{C8728B70-2BDB-486B-953A-BACE12F95819}"
EndProject
Project("{FAE04EC0-301F-11D3-BF4B-00C04F79EFBC}") = "EX.Data", "EX.Data\EX.Data.csproj", "{B4153D6F-A5BC-4E72-AA7E-B422E9D2C91E}"
EndProject
Project("{FAE04EC0-301F-11D3-BF4B-00C04F79EFBC}") = "EX.UI.Web", "EX.UI.Web\EX.UI.Web.csproj", "{6B639119-FB74-4337-A2A6-8B7F5D5E6985}"
EndProject
Global
	GlobalSection(SolutionConfigurationPlatforms) = preSolution
		Debug|Any CPU = Debug|Any CPU
		Release|Any CPU = Release|Any CPU
	EndGlobalSection
	GlobalSection(ProjectConfigurationPlatforms) = postSolution
		{9180AD54-CAD2-434B-AB73-52A2F458D0DD}.Debug|Any CPU.ActiveCfg = Debug|Any CPU
		{9180AD54-CAD2-434B-AB73-52A2F458D0DD}.Debug|Any CPU.Build.0 = Debug|Any CPU
		{9180AD54-CAD2-434B-AB73-52A2F458D0DD}.Release|Any CPU.ActiveCfg = Release|Any CPU
		{9180AD54-CAD2-434B-AB73-52A2F458D0DD}.Release|Any CPU.Build.0 = Release|Any CPU
		{427E648F-7F5F-43C0-88C1-30FB041B8C25}.Debug|Any CPU.ActiveCfg = Debug|Any CPU
		{427E648F-7F5F-43C0-88C1-30FB041B8C25}.Debug|Any CPU.Build.0 = Debug|Any CPU
		{427E648F-7F5F-43C0-88C1-30FB041B8C25}.Release|Any CPU.ActiveCfg = Release|Any CPU
		{427E648F-7F5F-43C0-88C1-30FB041B8C25}.Release|Any CPU.Build.0 = Release|Any CPU
		{C8728B70-2BDB-486B-953A-BACE12F95819}.Debug|Any CPU.ActiveCfg = Debug|Any CPU
		{C8728B70-2BDB-486B-953A-BACE12F95819}.Debug|Any CPU.Build.0 = Debug|Any CPU
		{C8728B70-2BDB-486B-953A-BACE12F95819}.Release|Any CPU.ActiveCfg = Release|Any CPU
		{C8728B70-2BDB-486B-953A-BACE12F95819}.Release|Any CPU.Build.0 = Release|Any CPU
		{B4153D6F-A5BC-4E72-AA7E-B422E9D2C91E}.Debug|Any CPU.ActiveCfg = Debug|Any CPU
		{B4153D6F-A5BC-4E72-AA7E-B422E9D2C91E}.Debug|Any CPU.Build.0 = Debug|Any CPU
		{B4153D6F-A5BC-4E72-AA7E-B422E9D2C91E}.Release|Any CPU.ActiveCfg = Release|Any CPU
		{B4153D6F-A5BC-4E72-AA7E-B422E9D2C91E}.Release|Any CPU.Build.0 = Release|Any CPU
		{6B639119-FB74-4337-A2A6-8B7F5D5E6985}.Debug|Any CPU.ActiveCfg = Debug|Any CPU
		{6B639119-FB74-4337-A2A6-8B7F5D5E6985}.Debug|Any CPU.Build.0 = Debug|Any CPU
		{6B639119-FB74-4337-A2A6-8B7F5D5E6985}.Release|Any CPU.ActiveCfg = Release|Any CPU
		{6B639119-FB74-4337-A2A6-8B7F5D5E6985}.Release|Any CPU.Build.0 = Release|Any CPU
	EndGlobalSection
	GlobalSection(SolutionProperties) = preSolution
		HideSolutionNode = FALSE
	EndGlobalSection
	GlobalSection(ExtensibilityGlobals) = postSolution
		SolutionGuid = {25543CEA-0FF5-4150-BF44-5C3EA25731B1}
	EndGlobalSection
EndGlobal
